// !$*UTF8*$!
{
	archiveVersion = 1;
	classes = {
	};
	objectVersion = 46;
	objects = {

/* Begin PBXBuildFile section */
		8457ED371A6AC79900F7C257 /* EUExAreaPickerView.h in CopyFiles */ = {isa = PBXBuildFile; fileRef = 8457ED361A6AC79900F7C257 /* EUExAreaPickerView.h */; };
		8457ED391A6AC79900F7C257 /* EUExAreaPickerView.m in Sources */ = {isa = PBXBuildFile; fileRef = 8457ED381A6AC79900F7C257 /* EUExAreaPickerView.m */; settings = {COMPILER_FLAGS = "-fno-objc-arc"; }; };
		8457ED621A6AC81E00F7C257 /* LDAreaPickerView.m in Sources */ = {isa = PBXBuildFile; fileRef = 8457ED5D1A6AC81E00F7C257 /* LDAreaPickerView.m */; };
/* End PBXBuildFile section */

/* Begin PBXCopyFilesBuildPhase section */
		8457ED311A6AC79900F7C257 /* CopyFiles */ = {
			isa = PBXCopyFilesBuildPhase;
			buildActionMask = 2147483647;
			dstPath = "include/$(PRODUCT_NAME)";
			dstSubfolderSpec = 16;
			files = (
				8457ED371A6AC79900F7C257 /* EUExAreaPickerView.h in CopyFiles */,
			);
			runOnlyForDeploymentPostprocessing = 0;
		};
/* End PBXCopyFilesBuildPhase section */

/* Begin PBXFileReference section */
		8457ED331A6AC79900F7C257 /* libuexAreaPickerView.a */ = {isa = PBXFileReference; explicitFileType = archive.ar; includeInIndex = 0; path = libuexAreaPickerView.a; sourceTree = BUILT_PRODUCTS_DIR; };
		8457ED361A6AC79900F7C257 /* EUExAreaPickerView.h */ = {isa = PBXFileReference; lastKnownFileType = sourcecode.c.h; path = EUExAreaPickerView.h; sourceTree = "<group>"; };
		8457ED381A6AC79900F7C257 /* EUExAreaPickerView.m */ = {isa = PBXFileReference; lastKnownFileType = sourcecode.c.objc; path = EUExAreaPickerView.m; sourceTree = "<group>"; };
		8457ED531A6AC81E00F7C257 /* JSON.h */ = {isa = PBXFileReference; fileEncoding = 4; lastKnownFileType = sourcecode.c.h; path = JSON.h; sourceTree = "<group>"; };
		8457ED541A6AC81E00F7C257 /* JSONParser.h */ = {isa = PBXFileReference; fileEncoding = 4; lastKnownFileType = sourcecode.c.h; path = JSONParser.h; sourceTree = "<group>"; };
		8457ED551A6AC81E00F7C257 /* MD5Digest.h */ = {isa = PBXFileReference; fileEncoding = 4; lastKnownFileType = sourcecode.c.h; path = MD5Digest.h; sourceTree = "<group>"; };
		8457ED561A6AC81E00F7C257 /* NSObject+SBJSON.h */ = {isa = PBXFileReference; fileEncoding = 4; lastKnownFileType = sourcecode.c.h; path = "NSObject+SBJSON.h"; sourceTree = "<group>"; };
		8457ED571A6AC81E00F7C257 /* NSString+SBJSON.h */ = {isa = PBXFileReference; fileEncoding = 4; lastKnownFileType = sourcecode.c.h; path = "NSString+SBJSON.h"; sourceTree = "<group>"; };
		8457ED581A6AC81E00F7C257 /* SBJSON.h */ = {isa = PBXFileReference; fileEncoding = 4; lastKnownFileType = sourcecode.c.h; path = SBJSON.h; sourceTree = "<group>"; };
		8457ED591A6AC81E00F7C257 /* SBJsonBase.h */ = {isa = PBXFileReference; fileEncoding = 4; lastKnownFileType = sourcecode.c.h; path = SBJsonBase.h; sourceTree = "<group>"; };
		8457ED5A1A6AC81E00F7C257 /* SBJsonParser.h */ = {isa = PBXFileReference; fileEncoding = 4; lastKnownFileType = sourcecode.c.h; path = SBJsonParser.h; sourceTree = "<group>"; };
		8457ED5B1A6AC81E00F7C257 /* SBJsonWriter.h */ = {isa = PBXFileReference; fileEncoding = 4; lastKnownFileType = sourcecode.c.h; path = SBJsonWriter.h; sourceTree = "<group>"; };
		8457ED5C1A6AC81E00F7C257 /* LDAreaPickerView.h */ = {isa = PBXFileReference; fileEncoding = 4; lastKnownFileType = sourcecode.c.h; path = LDAreaPickerView.h; sourceTree = "<group>"; };
		8457ED5D1A6AC81E00F7C257 /* LDAreaPickerView.m */ = {isa = PBXFileReference; fileEncoding = 4; lastKnownFileType = sourcecode.c.objc; path = LDAreaPickerView.m; sourceTree = "<group>"; };
		8457ED661A6AC8E500F7C257 /* EUExBase.h */ = {isa = PBXFileReference; fileEncoding = 4; lastKnownFileType = sourcecode.c.h; path = EUExBase.h; sourceTree = "<group>"; };
		8457ED671A6AC8E500F7C257 /* EUExBaseDefine.h */ = {isa = PBXFileReference; fileEncoding = 4; lastKnownFileType = sourcecode.c.h; path = EUExBaseDefine.h; sourceTree = "<group>"; };
		8457ED681A6AC8E500F7C257 /* EUtility.h */ = {isa = PBXFileReference; fileEncoding = 4; lastKnownFileType = sourcecode.c.h; path = EUtility.h; sourceTree = "<group>"; };
/* End PBXFileReference section */

/* Begin PBXFrameworksBuildPhase section */
		8457ED301A6AC79900F7C257 /* Frameworks */ = {
			isa = PBXFrameworksBuildPhase;
			buildActionMask = 2147483647;
			files = (
			);
			runOnlyForDeploymentPostprocessing = 0;
		};
/* End PBXFrameworksBuildPhase section */

/* Begin PBXGroup section */
		8457ED2A1A6AC79900F7C257 = {
			isa = PBXGroup;
			children = (
				8457ED351A6AC79900F7C257 /* EUExAreaPickerView */,
				8457ED341A6AC79900F7C257 /* Products */,
			);
			sourceTree = "<group>";
		};
		8457ED341A6AC79900F7C257 /* Products */ = {
			isa = PBXGroup;
			children = (
				8457ED331A6AC79900F7C257 /* libuexAreaPickerView.a */,
			);
			name = Products;
			sourceTree = "<group>";
		};
		8457ED351A6AC79900F7C257 /* EUExAreaPickerView */ = {
			isa = PBXGroup;
			children = (
				8457ED651A6AC8E500F7C257 /* engineHeader */,
				8457ED511A6AC81E00F7C257 /* sourceCode */,
				8457ED361A6AC79900F7C257 /* EUExAreaPickerView.h */,
				8457ED381A6AC79900F7C257 /* EUExAreaPickerView.m */,
			);
			path = EUExAreaPickerView;
			sourceTree = "<group>";
		};
		8457ED511A6AC81E00F7C257 /* sourceCode */ = {
			isa = PBXGroup;
			children = (
				8457ED521A6AC81E00F7C257 /* JSON */,
				8457ED5C1A6AC81E00F7C257 /* LDAreaPickerView.h */,
				8457ED5D1A6AC81E00F7C257 /* LDAreaPickerView.m */,
			);
			path = sourceCode;
			sourceTree = "<group>";
		};
		8457ED521A6AC81E00F7C257 /* JSON */ = {
			isa = PBXGroup;
			children = (
				8457ED531A6AC81E00F7C257 /* JSON.h */,
				8457ED541A6AC81E00F7C257 /* JSONParser.h */,
				8457ED551A6AC81E00F7C257 /* MD5Digest.h */,
				8457ED561A6AC81E00F7C257 /* NSObject+SBJSON.h */,
				8457ED571A6AC81E00F7C257 /* NSString+SBJSON.h */,
				8457ED581A6AC81E00F7C257 /* SBJSON.h */,
				8457ED591A6AC81E00F7C257 /* SBJsonBase.h */,
				8457ED5A1A6AC81E00F7C257 /* SBJsonParser.h */,
				8457ED5B1A6AC81E00F7C257 /* SBJsonWriter.h */,
			);
			path = JSON;
			sourceTree = "<group>";
		};
		8457ED651A6AC8E500F7C257 /* engineHeader */ = {
			isa = PBXGroup;
			children = (
				8457ED661A6AC8E500F7C257 /* EUExBase.h */,
				8457ED671A6AC8E500F7C257 /* EUExBaseDefine.h */,
				8457ED681A6AC8E500F7C257 /* EUtility.h */,
			);
			path = engineHeader;
			sourceTree = "<group>";
		};
/* End PBXGroup section */

/* Begin PBXNativeTarget section */
		8457ED321A6AC79900F7C257 /* EUExAreaPickerView */ = {
			isa = PBXNativeTarget;
			buildConfigurationList = 8457ED471A6AC79900F7C257 /* Build configuration list for PBXNativeTarget "EUExAreaPickerView" */;
			buildPhases = (
				8457ED2F1A6AC79900F7C257 /* Sources */,
				8457ED301A6AC79900F7C257 /* Frameworks */,
				8457ED311A6AC79900F7C257 /* CopyFiles */,
			);
			buildRules = (
			);
			dependencies = (
			);
			name = EUExAreaPickerView;
			productName = EUExAreaPickerView;
			productReference = 8457ED331A6AC79900F7C257 /* libuexAreaPickerView.a */;
			productType = "com.apple.product-type.library.static";
		};
/* End PBXNativeTarget section */

/* Begin PBXProject section */
		8457ED2B1A6AC79900F7C257 /* Project object */ = {
			isa = PBXProject;
			attributes = {
				LastUpgradeCheck = 0610;
				ORGANIZATIONNAME = LinDong;
				TargetAttributes = {
					8457ED321A6AC79900F7C257 = {
						CreatedOnToolsVersion = 6.1.1;
					};
				};
			};
			buildConfigurationList = 8457ED2E1A6AC79900F7C257 /* Build configuration list for PBXProject "EUExAreaPickerView" */;
			compatibilityVersion = "Xcode 3.2";
			developmentRegion = English;
			hasScannedForEncodings = 0;
			knownRegions = (
				en,
			);
			mainGroup = 8457ED2A1A6AC79900F7C257;
			productRefGroup = 8457ED341A6AC79900F7C257 /* Products */;
			projectDirPath = "";
			projectRoot = "";
			targets = (
				8457ED321A6AC79900F7C257 /* EUExAreaPickerView */,
			);
		};
/* End PBXProject section */

/* Begin PBXSourcesBuildPhase section */
		8457ED2F1A6AC79900F7C257 /* Sources */ = {
			isa = PBXSourcesBuildPhase;
			buildActionMask = 2147483647;
			files = (
				8457ED391A6AC79900F7C257 /* EUExAreaPickerView.m in Sources */,
				8457ED621A6AC81E00F7C257 /* LDAreaPickerView.m in Sources */,
			);
			runOnlyForDeploymentPostprocessing = 0;
		};
/* End PBXSourcesBuildPhase section */

/* Begin XCBuildConfiguration section */
		8457ED451A6AC79900F7C257 /* Debug */ = {
			isa = XCBuildConfiguration;
			buildSettings = {
				ALWAYS_SEARCH_USER_PATHS = NO;
				CLANG_CXX_LANGUAGE_STANDARD = "gnu++0x";
				CLANG_CXX_LIBRARY = "libc++";
				CLANG_ENABLE_MODULES = YES;
				CLANG_ENABLE_OBJC_ARC = YES;
				CLANG_WARN_BOOL_CONVERSION = YES;
				CLANG_WARN_CONSTANT_CONVERSION = YES;
				CLANG_WARN_DIRECT_OBJC_ISA_USAGE = YES_ERROR;
				CLANG_WARN_EMPTY_BODY = YES;
				CLANG_WARN_ENUM_CONVERSION = YES;
				CLANG_WARN_INT_CONVERSION = YES;
				CLANG_WARN_OBJC_ROOT_CLASS = YES_ERROR;
				CLANG_WARN_UNREACHABLE_CODE = YES;
				CLANG_WARN__DUPLICATE_METHOD_MATCH = YES;
				COPY_PHASE_STRIP = NO;
				ENABLE_STRICT_OBJC_MSGSEND = YES;
				GCC_C_LANGUAGE_STANDARD = gnu99;
				GCC_DYNAMIC_NO_PIC = NO;
				GCC_OPTIMIZATION_LEVEL = 0;
				GCC_PREPROCESSOR_DEFINITIONS = (
					"DEBUG=1",
					"$(inherited)",
				);
				GCC_SYMBOLS_PRIVATE_EXTERN = NO;
				GCC_WARN_64_TO_32_BIT_CONVERSION = YES;
				GCC_WARN_ABOUT_RETURN_TYPE = YES_ERROR;
				GCC_WARN_UNDECLARED_SELECTOR = YES;
				GCC_WARN_UNINITIALIZED_AUTOS = YES_AGGRESSIVE;
				GCC_WARN_UNUSED_FUNCTION = YES;
				GCC_WARN_UNUSED_VARIABLE = YES;
				IPHONEOS_DEPLOYMENT_TARGET = 5.1;
				MTL_ENABLE_DEBUG_INFO = YES;
				ONLY_ACTIVE_ARCH = NO;
				SDKROOT = iphoneos;
			};
			name = Debug;
		};
		8457ED461A6AC79900F7C257 /* Release */ = {
			isa = XCBuildConfiguration;
			buildSettings = {
				ALWAYS_SEARCH_USER_PATHS = NO;
				CLANG_CXX_LANGUAGE_STANDARD = "gnu++0x";
				CLANG_CXX_LIBRARY = "libc++";
				CLANG_ENABLE_MODULES = YES;
				CLANG_ENABLE_OBJC_ARC = YES;
				CLANG_WARN_BOOL_CONVERSION = YES;
				CLANG_WARN_CONSTANT_CONVERSION = YES;
				CLANG_WARN_DIRECT_OBJC_ISA_USAGE = YES_ERROR;
				CLANG_WARN_EMPTY_BODY = YES;
				CLANG_WARN_ENUM_CONVERSION = YES;
				CLANG_WARN_INT_CONVERSION = YES;
				CLANG_WARN_OBJC_ROOT_CLASS = YES_ERROR;
				CLANG_WARN_UNREACHABLE_CODE = YES;
				CLANG_WARN__DUPLICATE_METHOD_MATCH = YES;
				COPY_PHASE_STRIP = YES;
				ENABLE_NS_ASSERTIONS = NO;
				ENABLE_STRICT_OBJC_MSGSEND = YES;
				GCC_C_LANGUAGE_STANDARD = gnu99;
				GCC_WARN_64_TO_32_BIT_CONVERSION = YES;
				GCC_WARN_ABOUT_RETURN_TYPE = YES_ERROR;
				GCC_WARN_UNDECLARED_SELECTOR = YES;
				GCC_WARN_UNINITIALIZED_AUTOS = YES_AGGRESSIVE;
				GCC_WARN_UNUSED_FUNCTION = YES;
				GCC_WARN_UNUSED_VARIABLE = YES;
				IPHONEOS_DEPLOYMENT_TARGET = 5.1;
				MTL_ENABLE_DEBUG_INFO = NO;
				ONLY_ACTIVE_ARCH = NO;
				SDKROOT = iphoneos;
				VALIDATE_PRODUCT = YES;
			};
			name = Release;
		};
		8457ED481A6AC79900F7C257 /* Debug */ = {
			isa = XCBuildConfiguration;
			buildSettings = {
				CONFIGURATION_BUILD_DIR = "$(SRCROOT)/uexAreaPickerView";
				IPHONEOS_DEPLOYMENT_TARGET = 5.0;
				OTHER_LDFLAGS = "-ObjC";
				PRODUCT_NAME = uexAreaPickerView;
				SKIP_INSTALL = YES;
			};
			name = Debug;
		};
		8457ED491A6AC79900F7C257 /* Release */ = {
			isa = XCBuildConfiguration;
			buildSettings = {
				CONFIGURATION_BUILD_DIR = "$(SRCROOT)/uexAreaPickerView";
				IPHONEOS_DEPLOYMENT_TARGET = 5.0;
				OTHER_LDFLAGS = "-ObjC";
				PRODUCT_NAME = uexAreaPickerView;
				SKIP_INSTALL = YES;
			};
			name = Release;
		};
/* End XCBuildConfiguration section */

/* Begin XCConfigurationList section */
		8457ED2E1A6AC79900F7C257 /* Build configuration list for PBXProject "EUExAreaPickerView" */ = {
			isa = XCConfigurationList;
			buildConfigurations = (
				8457ED451A6AC79900F7C257 /* Debug */,
				8457ED461A6AC79900F7C257 /* Release */,
			);
			defaultConfigurationIsVisible = 0;
			defaultConfigurationName = Release;
		};
		8457ED471A6AC79900F7C257 /* Build configuration list for PBXNativeTarget "EUExAreaPickerView" */ = {
			isa = XCConfigurationList;
			buildConfigurations = (
				8457ED481A6AC79900F7C257 /* Debug */,
				8457ED491A6AC79900F7C257 /* Release */,
			);
			defaultConfigurationIsVisible = 0;
			defaultConfigurationName = Release;
		};
/* End XCConfigurationList section */
	};
	rootObject = 8457ED2B1A6AC79900F7C257 /* Project object */;
}
